
Microsoft Visual Studio Solution File, Format Version 12.00
# Visual Studio Version 16
VisualStudioVersion = 16.0.30907.101
MinimumVisualStudioVersion = 10.0.40219.1
Project("{FAE04EC0-301F-11D3-BF4B-00C04F79EFBC}") = "SslCertificateReader", "SslCertificateReader\SslCertificateReader.csproj", "{A743478F-0E40-49BC-A9C4-2ED85DFCBF0C}"
EndProject
Global
	GlobalSection(SolutionConfigurationPlatforms) = preSolution
		Debug|Any CPU = Debug|Any CPU
		Release|Any CPU = Release|Any CPU
	EndGlobalSection
	GlobalSection(ProjectConfigurationPlatforms) = postSolution
		{A743478F-0E40-49BC-A9C4-2ED85DFCBF0C}.Debug|Any CPU.ActiveCfg = Debug|Any CPU
		{A743478F-0E40-49BC-A9C4-2ED85DFCBF0C}.Debug|Any CPU.Build.0 = Debug|Any CPU
		{A743478F-0E40-49BC-A9C4-2ED85DFCBF0C}.Release|Any CPU.ActiveCfg = Release|Any CPU
		{A743478F-0E40-49BC-A9C4-2ED85DFCBF0C}.Release|Any CPU.Build.0 = Release|Any CPU
	EndGlobalSection
	GlobalSection(SolutionProperties) = preSolution
		HideSolutionNode = FALSE
	EndGlobalSection
	GlobalSection(ExtensibilityGlobals) = postSolution
		SolutionGuid = {D480C7D6-76B5-49C7-BA57-B4D9468A4B50}
	EndGlobalSection
EndGlobal
